// !$*UTF8*$!
{
	archiveVersion = 1;
	classes = {
	};
	objectVersion = 50;
	objects = {

/* Begin PBXBuildFile section */
		CA31D02A21F9026600A4E64E /* AppDelegate.swift in Sources */ = {isa = PBXBuildFile; fileRef = CA31D02921F9026600A4E64E /* AppDelegate.swift */; };
		CA31D02F21F9026600A4E64E /* Main.storyboard in Resources */ = {isa = PBXBuildFile; fileRef = CA31D02D21F9026600A4E64E /* Main.storyboard */; };
		CA31D03121F9026700A4E64E /* Assets.xcassets in Resources */ = {isa = PBXBuildFile; fileRef = CA31D03021F9026700A4E64E /* Assets.xcassets */; };
		CA31D03421F9026700A4E64E /* LaunchScreen.storyboard in Resources */ = {isa = PBXBuildFile; fileRef = CA31D03221F9026700A4E64E /* LaunchScreen.storyboard */; };
		CA31D03C21F9042400A4E64E /* Photo.swift in Sources */ = {isa = PBXBuildFile; fileRef = CA31D03B21F9042400A4E64E /* Photo.swift */; };
		CA31D03E21F9047F00A4E64E /* PhotoController.swift in Sources */ = {isa = PBXBuildFile; fileRef = CA31D03D21F9047F00A4E64E /* PhotoController.swift */; };
		CA31D04221F9087600A4E64E /* ThemeHelper.swift in Sources */ = {isa = PBXBuildFile; fileRef = CA31D04121F9087600A4E64E /* ThemeHelper.swift */; };
		CA31D04421F913A200A4E64E /* PhotosCollectionViewController.swift in Sources */ = {isa = PBXBuildFile; fileRef = CA31D04321F913A200A4E64E /* PhotosCollectionViewController.swift */; };
		CA31D04721F9147200A4E64E /* PhotosCollectionViewCell.swift in Sources */ = {isa = PBXBuildFile; fileRef = CA31D04621F9147200A4E64E /* PhotosCollectionViewCell.swift */; };
		CA31D04921F915E700A4E64E /* PhotoDetailViewController.swift in Sources */ = {isa = PBXBuildFile; fileRef = CA31D04821F915E700A4E64E /* PhotoDetailViewController.swift */; };
		CA4246A121F92263005A022A /* ThemeSelectionViewController.swift in Sources */ = {isa = PBXBuildFile; fileRef = CA4246A021F92263005A022A /* ThemeSelectionViewController.swift */; };
/* End PBXBuildFile section */

/* Begin PBXFileReference section */
		CA31D02621F9026600A4E64E /* Photo Collection.app */ = {isa = PBXFileReference; explicitFileType = wrapper.application; includeInIndex = 0; path = "Photo Collection.app"; sourceTree = BUILT_PRODUCTS_DIR; };
		CA31D02921F9026600A4E64E /* AppDelegate.swift */ = {isa = PBXFileReference; lastKnownFileType = sourcecode.swift; path = AppDelegate.swift; sourceTree = "<group>"; };
		CA31D02E21F9026600A4E64E /* Base */ = {isa = PBXFileReference; lastKnownFileType = file.storyboard; name = Base; path = Base.lproj/Main.storyboard; sourceTree = "<group>"; };
		CA31D03021F9026700A4E64E /* Assets.xcassets */ = {isa = PBXFileReference; lastKnownFileType = folder.assetcatalog; path = Assets.xcassets; sourceTree = "<group>"; };
		CA31D03321F9026700A4E64E /* Base */ = {isa = PBXFileReference; lastKnownFileType = file.storyboard; name = Base; path = Base.lproj/LaunchScreen.storyboard; sourceTree = "<group>"; };
		CA31D03521F9026700A4E64E /* Info.plist */ = {isa = PBXFileReference; lastKnownFileType = text.plist.xml; path = Info.plist; sourceTree = "<group>"; };
		CA31D03B21F9042400A4E64E /* Photo.swift */ = {isa = PBXFileReference; lastKnownFileType = sourcecode.swift; path = Photo.swift; sourceTree = "<group>"; };
		CA31D03D21F9047F00A4E64E /* PhotoController.swift */ = {isa = PBXFileReference; lastKnownFileType = sourcecode.swift; path = PhotoController.swift; sourceTree = "<group>"; };
		CA31D04121F9087600A4E64E /* ThemeHelper.swift */ = {isa = PBXFileReference; lastKnownFileType = sourcecode.swift; path = ThemeHelper.swift; sourceTree = "<group>"; };
		CA31D04321F913A200A4E64E /* PhotosCollectionViewController.swift */ = {isa = PBXFileReference; lastKnownFileType = sourcecode.swift; path = PhotosCollectionViewController.swift; sourceTree = "<group>"; };
		CA31D04621F9147200A4E64E /* PhotosCollectionViewCell.swift */ = {isa = PBXFileReference; lastKnownFileType = sourcecode.swift; path = PhotosCollectionViewCell.swift; sourceTree = "<group>"; };
		CA31D04821F915E700A4E64E /* PhotoDetailViewController.swift */ = {isa = PBXFileReference; lastKnownFileType = sourcecode.swift; path = PhotoDetailViewController.swift; sourceTree = "<group>"; };
		CA4246A021F92263005A022A /* ThemeSelectionViewController.swift */ = {isa = PBXFileReference; lastKnownFileType = sourcecode.swift; path = ThemeSelectionViewController.swift; sourceTree = "<group>"; };
/* End PBXFileReference section */

/* Begin PBXFrameworksBuildPhase section */
		CA31D02321F9026500A4E64E /* Frameworks */ = {
			isa = PBXFrameworksBuildPhase;
			buildActionMask = 2147483647;
			files = (
			);
			runOnlyForDeploymentPostprocessing = 0;
		};
/* End PBXFrameworksBuildPhase section */

/* Begin PBXGroup section */
		CA31D01D21F9026500A4E64E = {
			isa = PBXGroup;
			children = (
				CA31D02821F9026600A4E64E /* Photo Collection */,
				CA31D02721F9026600A4E64E /* Products */,
			);
			sourceTree = "<group>";
		};
		CA31D02721F9026600A4E64E /* Products */ = {
			isa = PBXGroup;
			children = (
				CA31D02621F9026600A4E64E /* Photo Collection.app */,
			);
			name = Products;
			sourceTree = "<group>";
		};
		CA31D02821F9026600A4E64E /* Photo Collection */ = {
			isa = PBXGroup;
			children = (
				CA31D02921F9026600A4E64E /* AppDelegate.swift */,
				CA31D04521F913F500A4E64E /* Views */,
				CA31D02D21F9026600A4E64E /* Main.storyboard */,
				CA31D03021F9026700A4E64E /* Assets.xcassets */,
				CA31D03221F9026700A4E64E /* LaunchScreen.storyboard */,
				CA31D03F21F9048500A4E64E /* Model */,
				CA31D04021F9048F00A4E64E /* Controllers */,
				CA31D03521F9026700A4E64E /* Info.plist */,
			);
			path = "Photo Collection";
			sourceTree = "<group>";
		};
		CA31D03F21F9048500A4E64E /* Model */ = {
			isa = PBXGroup;
			children = (
				CA31D03B21F9042400A4E64E /* Photo.swift */,
			);
			path = Model;
			sourceTree = "<group>";
		};
		CA31D04021F9048F00A4E64E /* Controllers */ = {
			isa = PBXGroup;
			children = (
				CA31D03D21F9047F00A4E64E /* PhotoController.swift */,
				CA31D04121F9087600A4E64E /* ThemeHelper.swift */,
			);
			path = Controllers;
			sourceTree = "<group>";
		};
		CA31D04521F913F500A4E64E /* Views */ = {
			isa = PBXGroup;
			children = (
				CA31D04621F9147200A4E64E /* PhotosCollectionViewCell.swift */,
				CA31D04821F915E700A4E64E /* PhotoDetailViewController.swift */,
				CA4246A021F92263005A022A /* ThemeSelectionViewController.swift */,
				CA31D04321F913A200A4E64E /* PhotosCollectionViewController.swift */,
			);
			path = Views;
			sourceTree = "<group>";
		};
/* End PBXGroup section */

/* Begin PBXNativeTarget section */
		CA31D02521F9026500A4E64E /* Photo Collection */ = {
			isa = PBXNativeTarget;
			buildConfigurationList = CA31D03821F9026700A4E64E /* Build configuration list for PBXNativeTarget "Photo Collection" */;
			buildPhases = (
				CA31D02221F9026500A4E64E /* Sources */,
				CA31D02321F9026500A4E64E /* Frameworks */,
				CA31D02421F9026500A4E64E /* Resources */,
			);
			buildRules = (
			);
			dependencies = (
			);
			name = "Photo Collection";
			productName = "Photo Collection";
			productReference = CA31D02621F9026600A4E64E /* Photo Collection.app */;
			productType = "com.apple.product-type.application";
		};
/* End PBXNativeTarget section */

/* Begin PBXProject section */
		CA31D01E21F9026500A4E64E /* Project object */ = {
			isa = PBXProject;
			attributes = {
				LastSwiftUpdateCheck = 1010;
				LastUpgradeCheck = 1010;
				ORGANIZATIONNAME = "Rabbit Hole Fashion";
				TargetAttributes = {
					CA31D02521F9026500A4E64E = {
						CreatedOnToolsVersion = 10.1;
					};
				};
			};
			buildConfigurationList = CA31D02121F9026500A4E64E /* Build configuration list for PBXProject "Photo Collection" */;
			compatibilityVersion = "Xcode 9.3";
			developmentRegion = en;
			hasScannedForEncodings = 0;
			knownRegions = (
				en,
				Base,
			);
			mainGroup = CA31D01D21F9026500A4E64E;
			productRefGroup = CA31D02721F9026600A4E64E /* Products */;
			projectDirPath = "";
			projectRoot = "";
			targets = (
				CA31D02521F9026500A4E64E /* Photo Collection */,
			);
		};
/* End PBXProject section */

/* Begin PBXResourcesBuildPhase section */
		CA31D02421F9026500A4E64E /* Resources */ = {
			isa = PBXResourcesBuildPhase;
			buildActionMask = 2147483647;
			files = (
				CA31D03421F9026700A4E64E /* LaunchScreen.storyboard in Resources */,
				CA31D03121F9026700A4E64E /* Assets.xcassets in Resources */,
				CA31D02F21F9026600A4E64E /* Main.storyboard in Resources */,
			);
			runOnlyForDeploymentPostprocessing = 0;
		};
/* End PBXResourcesBuildPhase section */

/* Begin PBXSourcesBuildPhase section */
		CA31D02221F9026500A4E64E /* Sources */ = {
			isa = PBXSourcesBuildPhase;
			buildActionMask = 2147483647;
			files = (
				CA31D03C21F9042400A4E64E /* Photo.swift in Sources */,
				CA4246A121F92263005A022A /* ThemeSelectionViewController.swift in Sources */,
				CA31D03E21F9047F00A4E64E /* PhotoController.swift in Sources */,
				CA31D04421F913A200A4E64E /* PhotosCollectionViewController.swift in Sources */,
				CA31D04921F915E700A4E64E /* PhotoDetailViewController.swift in Sources */,
				CA31D04221F9087600A4E64E /* ThemeHelper.swift in Sources */,
				CA31D02A21F9026600A4E64E /* AppDelegate.swift in Sources */,
				CA31D04721F9147200A4E64E /* PhotosCollectionViewCell.swift in Sources */,
			);
			runOnlyForDeploymentPostprocessing = 0;
		};
/* End PBXSourcesBuildPhase section */

/* Begin PBXVariantGroup section */
		CA31D02D21F9026600A4E64E /* Main.storyboard */ = {
			isa = PBXVariantGroup;
			children = (
				CA31D02E21F9026600A4E64E /* Base */,
			);
			name = Main.storyboard;
			sourceTree = "<group>";
		};
		CA31D03221F9026700A4E64E /* LaunchScreen.storyboard */ = {
			isa = PBXVariantGroup;
			children = (
				CA31D03321F9026700A4E64E /* Base */,
			);
			name = LaunchScreen.storyboard;
			sourceTree = "<group>";
		};
/* End PBXVariantGroup section */

/* Begin XCBuildConfiguration section */
		CA31D03621F9026700A4E64E /* Debug */ = {
			isa = XCBuildConfiguration;
			buildSettings = {
				ALWAYS_SEARCH_USER_PATHS = NO;
				CLANG_ANALYZER_NONNULL = YES;
				CLANG_ANALYZER_NUMBER_OBJECT_CONVERSION = YES_AGGRESSIVE;
				CLANG_CXX_LANGUAGE_STANDARD = "gnu++14";
				CLANG_CXX_LIBRARY = "libc++";
				CLANG_ENABLE_MODULES = YES;
				CLANG_ENABLE_OBJC_ARC = YES;
				CLANG_ENABLE_OBJC_WEAK = YES;
				CLANG_WARN_BLOCK_CAPTURE_AUTORELEASING = YES;
				CLANG_WARN_BOOL_CONVERSION = YES;
				CLANG_WARN_COMMA = YES;
				CLANG_WARN_CONSTANT_CONVERSION = YES;
				CLANG_WARN_DEPRECATED_OBJC_IMPLEMENTATIONS = YES;
				CLANG_WARN_DIRECT_OBJC_ISA_USAGE = YES_ERROR;
				CLANG_WARN_DOCUMENTATION_COMMENTS = YES;
				CLANG_WARN_EMPTY_BODY = YES;
				CLANG_WARN_ENUM_CONVERSION = YES;
				CLANG_WARN_INFINITE_RECURSION = YES;
				CLANG_WARN_INT_CONVERSION = YES;
				CLANG_WARN_NON_LITERAL_NULL_CONVERSION = YES;
				CLANG_WARN_OBJC_IMPLICIT_RETAIN_SELF = YES;
				CLANG_WARN_OBJC_LITERAL_CONVERSION = YES;
				CLANG_WARN_OBJC_ROOT_CLASS = YES_ERROR;
				CLANG_WARN_RANGE_LOOP_ANALYSIS = YES;
				CLANG_WARN_STRICT_PROTOTYPES = YES;
				CLANG_WARN_SUSPICIOUS_MOVE = YES;
				CLANG_WARN_UNGUARDED_AVAILABILITY = YES_AGGRESSIVE;
				CLANG_WARN_UNREACHABLE_CODE = YES;
				CLANG_WARN__DUPLICATE_METHOD_MATCH = YES;
				CODE_SIGN_IDENTITY = "iPhone Developer";
				COPY_PHASE_STRIP = NO;
				DEBUG_INFORMATION_FORMAT = dwarf;
				ENABLE_STRICT_OBJC_MSGSEND = YES;
				ENABLE_TESTABILITY = YES;
				GCC_C_LANGUAGE_STANDARD = gnu11;
				GCC_DYNAMIC_NO_PIC = NO;
				GCC_NO_COMMON_BLOCKS = YES;
				GCC_OPTIMIZATION_LEVEL = 0;
				GCC_PREPROCESSOR_DEFINITIONS = (
					"DEBUG=1",
					"$(inherited)",
				);
				GCC_WARN_64_TO_32_BIT_CONVERSION = YES;
				GCC_WARN_ABOUT_RETURN_TYPE = YES_ERROR;
				GCC_WARN_UNDECLARED_SELECTOR = YES;
				GCC_WARN_UNINITIALIZED_AUTOS = YES_AGGRESSIVE;
				GCC_WARN_UNUSED_FUNCTION = YES;
				GCC_WARN_UNUSED_VARIABLE = YES;
				IPHONEOS_DEPLOYMENT_TARGET = 12.1;
				MTL_ENABLE_DEBUG_INFO = INCLUDE_SOURCE;
				MTL_FAST_MATH = YES;
				ONLY_ACTIVE_ARCH = YES;
				SDKROOT = iphoneos;
				SWIFT_ACTIVE_COMPILATION_CONDITIONS = DEBUG;
				SWIFT_OPTIMIZATION_LEVEL = "-Onone";
			};
			name = Debug;
		};
		CA31D03721F9026700A4E64E /* Release */ = {
			isa = XCBuildConfiguration;
			buildSettings = {
				ALWAYS_SEARCH_USER_PATHS = NO;
				CLANG_ANALYZER_NONNULL = YES;
				CLANG_ANALYZER_NUMBER_OBJECT_CONVERSION = YES_AGGRESSIVE;
				CLANG_CXX_LANGUAGE_STANDARD = "gnu++14";
				CLANG_CXX_LIBRARY = "libc++";
				CLANG_ENABLE_MODULES = YES;
				CLANG_ENABLE_OBJC_ARC = YES;
				CLANG_ENABLE_OBJC_WEAK = YES;
				CLANG_WARN_BLOCK_CAPTURE_AUTORELEASING = YES;
				CLANG_WARN_BOOL_CONVERSION = YES;
				CLANG_WARN_COMMA = YES;
				CLANG_WARN_CONSTANT_CONVERSION = YES;
				CLANG_WARN_DEPRECATED_OBJC_IMPLEMENTATIONS = YES;
				CLANG_WARN_DIRECT_OBJC_ISA_USAGE = YES_ERROR;
				CLANG_WARN_DOCUMENTATION_COMMENTS = YES;
				CLANG_WARN_EMPTY_BODY = YES;
				CLANG_WARN_ENUM_CONVERSION = YES;
				CLANG_WARN_INFINITE_RECURSION = YES;
				CLANG_WARN_INT_CONVERSION = YES;
				CLANG_WARN_NON_LITERAL_NULL_CONVERSION = YES;
				CLANG_WARN_OBJC_IMPLICIT_RETAIN_SELF = YES;
				CLANG_WARN_OBJC_LITERAL_CONVERSION = YES;
				CLANG_WARN_OBJC_ROOT_CLASS = YES_ERROR;
				CLANG_WARN_RANGE_LOOP_ANALYSIS = YES;
				CLANG_WARN_STRICT_PROTOTYPES = YES;
				CLANG_WARN_SUSPICIOUS_MOVE = YES;
				CLANG_WARN_UNGUARDED_AVAILABILITY = YES_AGGRESSIVE;
				CLANG_WARN_UNREACHABLE_CODE = YES;
				CLANG_WARN__DUPLICATE_METHOD_MATCH = YES;
				CODE_SIGN_IDENTITY = "iPhone Developer";
				COPY_PHASE_STRIP = NO;
				DEBUG_INFORMATION_FORMAT = "dwarf-with-dsym";
				ENABLE_NS_ASSERTIONS = NO;
				ENABLE_STRICT_OBJC_MSGSEND = YES;
				GCC_C_LANGUAGE_STANDARD = gnu11;
				GCC_NO_COMMON_BLOCKS = YES;
				GCC_WARN_64_TO_32_BIT_CONVERSION = YES;
				GCC_WARN_ABOUT_RETURN_TYPE = YES_ERROR;
				GCC_WARN_UNDECLARED_SELECTOR = YES;
				GCC_WARN_UNINITIALIZED_AUTOS = YES_AGGRESSIVE;
				GCC_WARN_UNUSED_FUNCTION = YES;
				GCC_WARN_UNUSED_VARIABLE = YES;
				IPHONEOS_DEPLOYMENT_TARGET = 12.1;
				MTL_ENABLE_DEBUG_INFO = NO;
				MTL_FAST_MATH = YES;
				SDKROOT = iphoneos;
				SWIFT_COMPILATION_MODE = wholemodule;
				SWIFT_OPTIMIZATION_LEVEL = "-O";
				VALIDATE_PRODUCT = YES;
			};
			name = Release;
		};
		CA31D03921F9026700A4E64E /* Debug */ = {
			isa = XCBuildConfiguration;
			buildSettings = {
				ASSETCATALOG_COMPILER_APPICON_NAME = AppIcon;
				CODE_SIGN_STYLE = Automatic;
				INFOPLIST_FILE = "Photo Collection/Info.plist";
				LD_RUNPATH_SEARCH_PATHS = (
					"$(inherited)",
					"@executable_path/Frameworks",
				);
				PRODUCT_BUNDLE_IDENTIFIER = "com.rabbitholefashion.Photo-Collection";
				PRODUCT_NAME = "$(TARGET_NAME)";
				SWIFT_VERSION = 4.2;
				TARGETED_DEVICE_FAMILY = "1,2";
			};
			name = Debug;
		};
		CA31D03A21F9026700A4E64E /* Release */ = {
			isa = XCBuildConfiguration;
			buildSettings = {
				ASSETCATALOG_COMPILER_APPICON_NAME = AppIcon;
				CODE_SIGN_STYLE = Automatic;
				INFOPLIST_FILE = "Photo Collection/Info.plist";
				LD_RUNPATH_SEARCH_PATHS = (
					"$(inherited)",
					"@executable_path/Frameworks",
				);
				PRODUCT_BUNDLE_IDENTIFIER = "com.rabbitholefashion.Photo-Collection";
				PRODUCT_NAME = "$(TARGET_NAME)";
				SWIFT_VERSION = 4.2;
				TARGETED_DEVICE_FAMILY = "1,2";
			};
			name = Release;
		};
/* End XCBuildConfiguration section */

/* Begin XCConfigurationList section */
		CA31D02121F9026500A4E64E /* Build configuration list for PBXProject "Photo Collection" */ = {
			isa = XCConfigurationList;
			buildConfigurations = (
				CA31D03621F9026700A4E64E /* Debug */,
				CA31D03721F9026700A4E64E /* Release */,
			);
			defaultConfigurationIsVisible = 0;
			defaultConfigurationName = Release;
		};
		CA31D03821F9026700A4E64E /* Build configuration list for PBXNativeTarget "Photo Collection" */ = {
			isa = XCConfigurationList;
			buildConfigurations = (
				CA31D03921F9026700A4E64E /* Debug */,
				CA31D03A21F9026700A4E64E /* Release */,
			);
			defaultConfigurationIsVisible = 0;
			defaultConfigurationName = Release;
		};
/* End XCConfigurationList section */
	};
	rootObject = CA31D01E21F9026500A4E64E /* Project object */;
}
